
Microsoft Visual Studio Solution File, Format Version 12.00
# Visual Studio Version 16
VisualStudioVersion = 16.0.30611.23
MinimumVisualStudioVersion = 10.0.40219.1
Project("{FAE04EC0-301F-11D3-BF4B-00C04F79EFBC}") = "TestAppyProxy", "TestAppyProxy\TestAppyProxy.csproj", "{772A70CB-CC77-4490-B822-24F651252D1C}"
EndProject
Global
	GlobalSection(SolutionConfigurationPlatforms) = preSolution
		Debug|Any CPU = Debug|Any CPU
		Release|Any CPU = Release|Any CPU
	EndGlobalSection
	GlobalSection(ProjectConfigurationPlatforms) = postSolution
		{772A70CB-CC77-4490-B822-24F651252D1C}.Debug|Any CPU.ActiveCfg = Debug|Any CPU
		{772A70CB-CC77-4490-B822-24F651252D1C}.Debug|Any CPU.Build.0 = Debug|Any CPU
		{772A70CB-CC77-4490-B822-24F651252D1C}.Release|Any CPU.ActiveCfg = Release|Any CPU
		{772A70CB-CC77-4490-B822-24F651252D1C}.Release|Any CPU.Build.0 = Release|Any CPU
	EndGlobalSection
	GlobalSection(SolutionProperties) = preSolution
		HideSolutionNode = FALSE
	EndGlobalSection
	GlobalSection(ExtensibilityGlobals) = postSolution
		SolutionGuid = {7E377956-ADAB-4DBF-A906-D823647E6E9E}
	EndGlobalSection
EndGlobal
